{
  "name": "video-scraper",
  "version": "1.0.0",
  "lockfileVersion": 1,
  "requires": true,
  "dependencies": {
    "express": {
      "version": "4.17.1",
      "resolved": "https://registry.npmjs.org/express/-/express-4.17.1.tgz",
      "integrity": "sha512-mHJ9O79RqluphQjScg0pqOGtYvkXtXkQgqBk+RS4DY8jb7Efr1TT+Xr98E0ekfSR/fUmiTm0YZcR1a+P8JQZtg=="
    },
    "puppeteer": {
      "version": "19.0.0",
      "resolved": "https://registry.npmjs.org/puppeteer/-/puppeteer-19.0.0.tgz",
      "integrity": "sha512-6J1j1Zt7Nt1fVKqC0t2Dk+P1q9Z+QT4GbZk8R03kRQk71P3gx4kB8WfN3r2cVcM66Y4V2dXqKZ+E8dV5hXd6Q=="
    }
  }
}
